
Microsoft Visual Studio Solution File, Format Version 12.00
# Visual Studio Version 16
VisualStudioVersion = 16.0.30320.27
MinimumVisualStudioVersion = 10.0.40219.1
Project("{FAE04EC0-301F-11D3-BF4B-00C04F79EFBC}") = "TransformXLSX", "TransformXLSX\TransformXLSX.csproj", "{3253D015-1F09-4D61-B0D8-BA1D1B0CE89E}"
EndProject
Global
	GlobalSection(SolutionConfigurationPlatforms) = preSolution
		Debug|Any CPU = Debug|Any CPU
		Release|Any CPU = Release|Any CPU
	EndGlobalSection
	GlobalSection(ProjectConfigurationPlatforms) = postSolution
		{3253D015-1F09-4D61-B0D8-BA1D1B0CE89E}.Debug|Any CPU.ActiveCfg = Debug|Any CPU
		{3253D015-1F09-4D61-B0D8-BA1D1B0CE89E}.Debug|Any CPU.Build.0 = Debug|Any CPU
		{3253D015-1F09-4D61-B0D8-BA1D1B0CE89E}.Release|Any CPU.ActiveCfg = Release|Any CPU
		{3253D015-1F09-4D61-B0D8-BA1D1B0CE89E}.Release|Any CPU.Build.0 = Release|Any CPU
	EndGlobalSection
	GlobalSection(SolutionProperties) = preSolution
		HideSolutionNode = FALSE
	EndGlobalSection
	GlobalSection(ExtensibilityGlobals) = postSolution
		SolutionGuid = {F04D82EF-A473-4977-89EE-4F0CA4311000}
	EndGlobalSection
EndGlobal
